{
  "name": "videw",
  "version": "1.0.0",
  "lockfileVersion": 3,
  "requires": true,
  "packages": {
    "": {
      "name": "videw",
      "version": "1.0.0",
      "license": "ISC",
      "dependencies": {
        "@bragamateus/gui": "^1.0.1"
      }
    },
    "node_modules/@bragamateus/gui": {
      "version": "1.0.1",
      "resolved": "https://registry.npmjs.org/@bragamateus/gui/-/gui-1.0.1.tgz",
      "integrity": "sha512-YZOAIyDy8NbV9CIJZ77QXAf7KZfMKEXqrg9QtPpQijeHPnJaV9l8LRsljd/7DcRvjgQ7KuGRbEF8JWaFionqJw==",
      "license": "MIT",
      "engines": {
        "node": ">=18"
      }
    }
  }
}
